# THIS IS AN AUTOGENERATED FILE. DO NOT EDIT THIS FILE DIRECTLY.
# yarn lockfile v1


"@cloudflare/kv-asset-handler@^0.0.7":
  version "0.0.7"
  resolved "https://registry.yarnpkg.com/@cloudflare/kv-asset-handler/-/kv-asset-handler-0.0.7.tgz#d8660076193f9e9018b7bc659ffc262f2ed8bbd2"
  integrity sha512-aHhinIfI4GGY7Dz1xawwjW+7MFwktERgC03KVs6TOucEhQGmRchU6lLmjKLqhwVK9tfhCYV6O0Nf6nh232AqWw==
  dependencies:
    mime "^2.4.4"

"@cloudflare/workers-types@^1.0.6":
  version "1.0.6"
  resolved "https://registry.yarnpkg.com/@cloudflare/workers-types/-/workers-types-1.0.6.tgz#f4c74e818a3d935e258ec0b3c0ab6788f0385057"
  integrity sha512-hmpkFqiRNMkcgUPedOTdM3qIn4sM7k3KvtpmMu0N9mtXlAAFqq44UN8BZp/Ba8vefI8XywS/31ZVpD/bnXIeBA==

"@dokknet/paywall-middleware@^0.0.2":
  version "0.0.2"
  resolved "https://registry.yarnpkg.com/@dokknet/paywall-middleware/-/paywall-middleware-0.0.2.tgz#66f051f500e25ca611d9401462507f90dbc5f177"
  integrity sha512-NZTTwxHzhiOMDH9oSlSsNcZwW/tI0pSYIC9GqAxzgtTN0yAZD0fO92HNzALk1KGE4BfwnMAGa/ByRbp1xvOcPw==
  dependencies:
    mime-types "^2.1.26"
  optionalDependencies:
    "@cloudflare/kv-asset-handler" "^0.0.7"
    "@cloudflare/workers-types" "^1.0.6"

mime-db@1.43.0:
  version "1.43.0"
  resolved "https://registry.yarnpkg.com/mime-db/-/mime-db-1.43.0.tgz#0a12e0502650e473d735535050e7c8f4eb4fae58"
  integrity sha512-+5dsGEEovYbT8UY9yD7eE4XTc4UwJ1jBYlgaQQF38ENsKR3wj/8q8RFZrF9WIZpB2V1ArTVFUva8sAul1NzRzQ==

mime-types@^2.1.26:
  version "2.1.26"
  resolved "https://registry.yarnpkg.com/mime-types/-/mime-types-2.1.26.tgz#9c921fc09b7e149a65dfdc0da4d20997200b0a06"
  integrity sha512-01paPWYgLrkqAyrlDorC1uDwl2p3qZT7yl806vW7DvDoxwXi46jsjFbg+WdwotBIk6/MbEhO/dh5aZ5sNj/dWQ==
  dependencies:
    mime-db "1.43.0"

mime@^2.4.4:
  version "2.4.4"
  resolved "https://registry.yarnpkg.com/mime/-/mime-2.4.4.tgz#bd7b91135fc6b01cde3e9bae33d659b63d8857e5"
  integrity sha512-LRxmNwziLPT828z+4YkNzloCFC2YM4wrB99k+AV5ZbEyfGNWfG8SO1FUXLmLDBSo89NrJZ4DIWeLjy1CHGhMGA==

prettier@^1.18.2:
  version "1.19.1"
  resolved "https://registry.yarnpkg.com/prettier/-/prettier-1.19.1.tgz#f7d7f5ff8a9cd872a7be4ca142095956a60797cb"
  integrity sha512-s7PoyDv/II1ObgQunCbB9PdLmUcBZcnWOcxDh7O0N/UwDEsHyqkW+Qh28jW+mVuCdx7gLB0BotYI1Y6uI9iyew==
